
Microsoft Visual Studio Solution File, Format Version 12.00
Project("{FAE04EC0-301F-11D3-BF4B-00C04F79EFBC}") = "Classes1103", "Classes1103\Classes1103.csproj", "{ED948356-E875-461B-8D19-3875ED933DC9}"
EndProject
Global
	GlobalSection(SolutionConfigurationPlatforms) = preSolution
		Debug|Any CPU = Debug|Any CPU
		Release|Any CPU = Release|Any CPU
	EndGlobalSection
	GlobalSection(ProjectConfigurationPlatforms) = postSolution
		{ED948356-E875-461B-8D19-3875ED933DC9}.Debug|Any CPU.ActiveCfg = Debug|Any CPU
		{ED948356-E875-461B-8D19-3875ED933DC9}.Debug|Any CPU.Build.0 = Debug|Any CPU
		{ED948356-E875-461B-8D19-3875ED933DC9}.Release|Any CPU.ActiveCfg = Release|Any CPU
		{ED948356-E875-461B-8D19-3875ED933DC9}.Release|Any CPU.Build.0 = Release|Any CPU
	EndGlobalSection
EndGlobal
